
Microsoft Visual Studio Solution File, Format Version 12.00
# Visual Studio 15
VisualStudioVersion = 15.0.27703.2000
MinimumVisualStudioVersion = 10.0.40219.1
Project("{FAE04EC0-301F-11D3-BF4B-00C04F79EFBC}") = "DataStructuresAssignments", "DataStructuresAssignments\DataStructuresAssignments.csproj", "{CF529CE5-69CC-49B6-80E1-AED3140FB355}"
EndProject
Project("{8BC9CEB8-8B4A-11D0-8D11-00A0C91BC942}") = "DataStructuresAssignmentsCPP", "DataStructuresAssignmentsCPP\DataStructuresAssignmentsCPP.vcxproj", "{B1C88438-0EED-4847-9F8D-62B3923BFFF9}"
EndProject
Global
	GlobalSection(SolutionConfigurationPlatforms) = preSolution
		Debug|Any CPU = Debug|Any CPU
		Debug|x64 = Debug|x64
		Debug|x86 = Debug|x86
		Release|Any CPU = Release|Any CPU
		Release|x64 = Release|x64
		Release|x86 = Release|x86
	EndGlobalSection
	GlobalSection(ProjectConfigurationPlatforms) = postSolution
		{CF529CE5-69CC-49B6-80E1-AED3140FB355}.Debug|Any CPU.ActiveCfg = Debug|Any CPU
		{CF529CE5-69CC-49B6-80E1-AED3140FB355}.Debug|Any CPU.Build.0 = Debug|Any CPU
		{CF529CE5-69CC-49B6-80E1-AED3140FB355}.Debug|x64.ActiveCfg = Debug|Any CPU
		{CF529CE5-69CC-49B6-80E1-AED3140FB355}.Debug|x64.Build.0 = Debug|Any CPU
		{CF529CE5-69CC-49B6-80E1-AED3140FB355}.Debug|x86.ActiveCfg = Debug|Any CPU
		{CF529CE5-69CC-49B6-80E1-AED3140FB355}.Debug|x86.Build.0 = Debug|Any CPU
		{CF529CE5-69CC-49B6-80E1-AED3140FB355}.Release|Any CPU.ActiveCfg = Release|Any CPU
		{CF529CE5-69CC-49B6-80E1-AED3140FB355}.Release|Any CPU.Build.0 = Release|Any CPU
		{CF529CE5-69CC-49B6-80E1-AED3140FB355}.Release|x64.ActiveCfg = Release|Any CPU
		{CF529CE5-69CC-49B6-80E1-AED3140FB355}.Release|x64.Build.0 = Release|Any CPU
		{CF529CE5-69CC-49B6-80E1-AED3140FB355}.Release|x86.ActiveCfg = Release|Any CPU
		{CF529CE5-69CC-49B6-80E1-AED3140FB355}.Release|x86.Build.0 = Release|Any CPU
		{B1C88438-0EED-4847-9F8D-62B3923BFFF9}.Debug|Any CPU.ActiveCfg = Debug|Win32
		{B1C88438-0EED-4847-9F8D-62B3923BFFF9}.Debug|x64.ActiveCfg = Debug|x64
		{B1C88438-0EED-4847-9F8D-62B3923BFFF9}.Debug|x64.Build.0 = Debug|x64
		{B1C88438-0EED-4847-9F8D-62B3923BFFF9}.Debug|x86.ActiveCfg = Debug|Win32
		{B1C88438-0EED-4847-9F8D-62B3923BFFF9}.Debug|x86.Build.0 = Debug|Win32
		{B1C88438-0EED-4847-9F8D-62B3923BFFF9}.Release|Any CPU.ActiveCfg = Release|Win32
		{B1C88438-0EED-4847-9F8D-62B3923BFFF9}.Release|x64.ActiveCfg = Release|x64
		{B1C88438-0EED-4847-9F8D-62B3923BFFF9}.Release|x64.Build.0 = Release|x64
		{B1C88438-0EED-4847-9F8D-62B3923BFFF9}.Release|x86.ActiveCfg = Release|Win32
		{B1C88438-0EED-4847-9F8D-62B3923BFFF9}.Release|x86.Build.0 = Release|Win32
	EndGlobalSection
	GlobalSection(SolutionProperties) = preSolution
		HideSolutionNode = FALSE
	EndGlobalSection
	GlobalSection(ExtensibilityGlobals) = postSolution
		SolutionGuid = {0BDF9B35-83DF-4774-941B-96E2DBE15B0B}
	EndGlobalSection
EndGlobal
